
Microsoft Visual Studio Solution File, Format Version 12.00
# Visual Studio Version 17
VisualStudioVersion = 17.3.32929.385
MinimumVisualStudioVersion = 10.0.40219.1
Project("{FAE04EC0-301F-11D3-BF4B-00C04F79EFBC}") = "UDP Receiver", "UDP Receiver\UDP Receiver.csproj", "{1FED9D4A-78F8-4BBE-ADC3-84972DB00815}"
EndProject
Project("{FAE04EC0-301F-11D3-BF4B-00C04F79EFBC}") = "UDP.Data", "UDP.Data\UDP.Data.csproj", "{3E7A0E67-8C50-4211-9032-5903DDC3CEC9}"
EndProject
Project("{FAE04EC0-301F-11D3-BF4B-00C04F79EFBC}") = "UDP.WebAPI", "UDP.WebAPI\UDP.WebAPI.csproj", "{F590193F-5B52-46A6-B21E-6C77C0D2D1B5}"
EndProject
Global
	GlobalSection(SolutionConfigurationPlatforms) = preSolution
		Debug|Any CPU = Debug|Any CPU
		Release|Any CPU = Release|Any CPU
	EndGlobalSection
	GlobalSection(ProjectConfigurationPlatforms) = postSolution
		{1FED9D4A-78F8-4BBE-ADC3-84972DB00815}.Debug|Any CPU.ActiveCfg = Debug|Any CPU
		{1FED9D4A-78F8-4BBE-ADC3-84972DB00815}.Debug|Any CPU.Build.0 = Debug|Any CPU
		{1FED9D4A-78F8-4BBE-ADC3-84972DB00815}.Release|Any CPU.ActiveCfg = Release|Any CPU
		{1FED9D4A-78F8-4BBE-ADC3-84972DB00815}.Release|Any CPU.Build.0 = Release|Any CPU
		{3E7A0E67-8C50-4211-9032-5903DDC3CEC9}.Debug|Any CPU.ActiveCfg = Debug|Any CPU
		{3E7A0E67-8C50-4211-9032-5903DDC3CEC9}.Debug|Any CPU.Build.0 = Debug|Any CPU
		{3E7A0E67-8C50-4211-9032-5903DDC3CEC9}.Release|Any CPU.ActiveCfg = Release|Any CPU
		{3E7A0E67-8C50-4211-9032-5903DDC3CEC9}.Release|Any CPU.Build.0 = Release|Any CPU
		{F590193F-5B52-46A6-B21E-6C77C0D2D1B5}.Debug|Any CPU.ActiveCfg = Debug|Any CPU
		{F590193F-5B52-46A6-B21E-6C77C0D2D1B5}.Debug|Any CPU.Build.0 = Debug|Any CPU
		{F590193F-5B52-46A6-B21E-6C77C0D2D1B5}.Release|Any CPU.ActiveCfg = Release|Any CPU
		{F590193F-5B52-46A6-B21E-6C77C0D2D1B5}.Release|Any CPU.Build.0 = Release|Any CPU
	EndGlobalSection
	GlobalSection(SolutionProperties) = preSolution
		HideSolutionNode = FALSE
	EndGlobalSection
	GlobalSection(ExtensibilityGlobals) = postSolution
		SolutionGuid = {18221DE9-F973-4EB2-99FF-80208CA6F76B}
	EndGlobalSection
EndGlobal
